<?xml version="1.0" encoding="utf-8"?>
<Project ToolsVersion="4.0" xmlns="http://schemas.microsoft.com/developer/msbuild/2003">
  <ItemGroup>
    <Filter Include="资源文件">
      <UniqueIdentifier>{67DA6AB6-F800-4c08-8B7A-83BB121AAD01}</UniqueIdentifier>
      <Extensions>rc;ico;cur;bmp;dlg;rc2;rct;bin;rgs;gif;jpg;jpeg;jpe;resx;tiff;tif;png;wav;mfcribbon-ms</Extensions>
    </Filter>
    <Filter Include="Core">
      <UniqueIdentifier>{5b180ad9-7552-4d09-b740-db1f9605dc74}</UniqueIdentifier>
    </Filter>
    <Filter Include="Math">
      <UniqueIdentifier>{e10edb77-e183-4fcb-a4b6-a59f0d62c447}</UniqueIdentifier>
    </Filter>
    <Filter Include="File">
      <UniqueIdentifier>{7b82f476-354f-4458-bbcc-952bed994dc8}</UniqueIdentifier>
    </Filter>
    <Filter Include="File\Include">
      <UniqueIdentifier>{e90e0690-e4b1-4810-8cd8-62b8b72fdfbd}</UniqueIdentifier>
    </Filter>
    <Filter Include="Math\Include">
      <UniqueIdentifier>{eeadfd7f-006c-4aee-8183-44f5ea2dcd46}</UniqueIdentifier>
    </Filter>
    <Filter Include="Utils">
      <UniqueIdentifier>{fa6d0dec-c364-41c1-9622-641549cdbbca}</UniqueIdentifier>
    </Filter>
    <Filter Include="Utils\Include">
      <UniqueIdentifier>{ec48825c-b5ac-4b56-a908-0331dec12415}</UniqueIdentifier>
    </Filter>
    <Filter Include="Res">
      <UniqueIdentifier>{ba8fb8d0-ce96-4a0e-b9ed-7dfd0d01158a}</UniqueIdentifier>
    </Filter>
    <Filter Include="Res\IronMan">
      <UniqueIdentifier>{e782ef74-d20d-40fb-b540-d73a614c08d4}</UniqueIdentifier>
    </Filter>
    <Filter Include="Res\EyeBall">
      <UniqueIdentifier>{589a1c64-fd7d-4447-bf70-9136fdd9595f}</UniqueIdentifier>
    </Filter>
    <Filter Include="Third">
      <UniqueIdentifier>{0c19a28e-8f73-4bd5-a884-674d9834fb6e}</UniqueIdentifier>
    </Filter>
    <Filter Include="Third\glfw3.2">
      <UniqueIdentifier>{fe26713b-475b-4fc6-96c1-9b744e085037}</UniqueIdentifier>
    </Filter>
    <Filter Include="Third\glfw3.2\include">
      <UniqueIdentifier>{98688c03-57ef-488b-84c0-e41394c28cae}</UniqueIdentifier>
    </Filter>
    <Filter Include="Third\glfw3.2\include\GLFW">
      <UniqueIdentifier>{751d7c81-af78-4a2d-a8ee-3c78b6f6454f}</UniqueIdentifier>
    </Filter>
    <Filter Include="Third\glfw3.2\lib-vc2015">
      <UniqueIdentifier>{4e4d667d-2fc9-49f2-a121-7ec2081b97d7}</UniqueIdentifier>
    </Filter>
    <Filter Include="Third\glew-2">
      <UniqueIdentifier>{559ee338-8489-4159-b1c6-5c361bd9c0f0}</UniqueIdentifier>
    </Filter>
    <Filter Include="Third\glew-2\include">
      <UniqueIdentifier>{7499ee13-4680-4548-b6a7-20a2b2e0420a}</UniqueIdentifier>
    </Filter>
    <Filter Include="Third\glew-2\include\GL">
      <UniqueIdentifier>{4b7e91f4-2f96-4882-8508-acb027386d5c}</UniqueIdentifier>
    </Filter>
    <Filter Include="Third\glew-2\lib">
      <UniqueIdentifier>{c0fab82b-125a-49c5-9888-1d3123306a6f}</UniqueIdentifier>
    </Filter>
    <Filter Include="Application">
      <UniqueIdentifier>{56182357-65be-4526-b1b9-506418502e1f}</UniqueIdentifier>
    </Filter>
    <Filter Include="Application\Include">
      <UniqueIdentifier>{a3d1aaad-bb21-44a3-a839-6abb49269aaf}</UniqueIdentifier>
    </Filter>
    <Filter Include="Core\GLRender">
      <UniqueIdentifier>{1a841515-4098-4c77-90b6-2782fc12b78e}</UniqueIdentifier>
    </Filter>
    <Filter Include="Core\GLRender\Include">
      <UniqueIdentifier>{a94ca096-080b-4ab4-a2a8-fae624069966}</UniqueIdentifier>
    </Filter>
    <Filter Include="Res\Shaders">
      <UniqueIdentifier>{253ed157-ac05-49f2-9286-82a601a73b83}</UniqueIdentifier>
    </Filter>
    <Filter Include="UniTest">
      <UniqueIdentifier>{4f424da0-816e-4189-93ff-057a2d4f290f}</UniqueIdentifier>
    </Filter>
  </ItemGroup>
  <ItemGroup>
    <ClCompile Include="Main.cpp" />
    <ClCompile Include="File\IOBJFileMgr.cpp">
      <Filter>File</Filter>
    </ClCompile>
    <ClCompile Include="File\Mesh.cpp">
      <Filter>File</Filter>
    </ClCompile>
    <ClCompile Include="Math\Vector.cpp">
      <Filter>Math</Filter>
    </ClCompile>
    <ClCompile Include="Application\Application.cpp">
      <Filter>Application</Filter>
    </ClCompile>
    <ClCompile Include="Core\GLRender\GLShader.cpp">
      <Filter>Core\GLRender</Filter>
    </ClCompile>
    <ClCompile Include="UniTest\ShaderUniTest.cpp">
      <Filter>UniTest</Filter>
    </ClCompile>
    <ClCompile Include="UniTest\IOBJFileMgrUniTest.cpp">
      <Filter>UniTest</Filter>
    </ClCompile>
    <ClCompile Include="Core\GLRender\GLRenderSystem.cpp">
      <Filter>Core\GLRender</Filter>
    </ClCompile>
    <ClCompile Include="Utils\Timer.cpp">
      <Filter>Utils</Filter>
    </ClCompile>
  </ItemGroup>
  <ItemGroup>
    <ClInclude Include="File\Include\IFileMgr.h">
      <Filter>File\Include</Filter>
    </ClInclude>
    <ClInclude Include="Math\Include\Vector.h">
      <Filter>Math\Include</Filter>
    </ClInclude>
    <ClInclude Include="Utils\Include\Constant.h">
      <Filter>Utils\Include</Filter>
    </ClInclude>
    <ClInclude Include="File\Include\IOBJFileMgr.h">
      <Filter>File\Include</Filter>
    </ClInclude>
    <ClInclude Include="File\Include\Mesh.h">
      <Filter>File\Include</Filter>
    </ClInclude>
    <ClInclude Include="File\Include\Model.h">
      <Filter>File\Include</Filter>
    </ClInclude>
    <ClInclude Include="Math\Include\Utils.h">
      <Filter>Math\Include</Filter>
    </ClInclude>
    <ClInclude Include="File\Include\Face.h">
      <Filter>File\Include</Filter>
    </ClInclude>
    <ClInclude Include="Utils\Include\Helper.h">
      <Filter>Utils\Include</Filter>
    </ClInclude>
    <ClInclude Include="Third\glfw3.2\include\GLFW\glfw3.h">
      <Filter>Third\glfw3.2\include\GLFW</Filter>
    </ClInclude>
    <ClInclude Include="Third\glfw3.2\include\GLFW\glfw3native.h">
      <Filter>Third\glfw3.2\include\GLFW</Filter>
    </ClInclude>
    <ClInclude Include="Third\glew-2\include\GL\eglew.h">
      <Filter>Third\glew-2\include\GL</Filter>
    </ClInclude>
    <ClInclude Include="Third\glew-2\include\GL\glew.h">
      <Filter>Third\glew-2\include\GL</Filter>
    </ClInclude>
    <ClInclude Include="Third\glew-2\include\GL\glxew.h">
      <Filter>Third\glew-2\include\GL</Filter>
    </ClInclude>
    <ClInclude Include="Third\glew-2\include\GL\wglew.h">
      <Filter>Third\glew-2\include\GL</Filter>
    </ClInclude>
    <ClInclude Include="Application\Include\Application.h">
      <Filter>Application\Include</Filter>
    </ClInclude>
    <ClInclude Include="Core\GLRender\Include\GLShader.h">
      <Filter>Core\GLRender\Include</Filter>
    </ClInclude>
    <ClInclude Include="UniTest\UniTest.h">
      <Filter>UniTest</Filter>
    </ClInclude>
    <ClInclude Include="UniTest\ShaderUniTest.h">
      <Filter>UniTest</Filter>
    </ClInclude>
    <ClInclude Include="UniTest\IOBJFileMgrUniTest.h">
      <Filter>UniTest</Filter>
    </ClInclude>
    <ClInclude Include="Core\GLRender\Include\GLViewPort.h">
      <Filter>Core\GLRender\Include</Filter>
    </ClInclude>
    <ClInclude Include="Core\GLRender\Include\GLRenderSystem.h">
      <Filter>Core\GLRender\Include</Filter>
    </ClInclude>
    <ClInclude Include="Utils\Include\Timer.h">
      <Filter>Utils\Include</Filter>
    </ClInclude>
  </ItemGroup>
  <ItemGroup>
    <None Include="Res\IronMan\IronMan.mtl">
      <Filter>Res\IronMan</Filter>
    </None>
    <None Include="Res\IronMan\v1_0_IronManRigged.max">
      <Filter>Res\IronMan</Filter>
    </None>
    <None Include="Res\EyeBall\eyeball.mtl">
      <Filter>Res\EyeBall</Filter>
    </None>
    <None Include="Third\glfw3.2\lib-vc2015\glfw3.dll">
      <Filter>Third\glfw3.2\lib-vc2015</Filter>
    </None>
    <None Include="Res\Shaders\test.fs">
      <Filter>Res\Shaders</Filter>
    </None>
    <None Include="Res\Shaders\test.vs">
      <Filter>Res\Shaders</Filter>
    </None>
  </ItemGroup>
  <ItemGroup>
    <Library Include="Third\glfw3.2\lib-vc2015\glfw3.lib">
      <Filter>Third\glfw3.2\lib-vc2015</Filter>
    </Library>
    <Library Include="Third\glfw3.2\lib-vc2015\glfw3dll.lib">
      <Filter>Third\glfw3.2\lib-vc2015</Filter>
    </Library>
    <Library Include="Third\glew-2\lib\Release\Win32\glew32.lib">
      <Filter>Third\glew-2\lib</Filter>
    </Library>
    <Library Include="Third\glew-2\lib\Release\Win32\glew32s.lib">
      <Filter>Third\glew-2\lib</Filter>
    </Library>
  </ItemGroup>
</Project>