<?xml version="1.0" encoding="utf-8"?>
<Project ToolsVersion="4.0" xmlns="http://schemas.microsoft.com/developer/msbuild/2003">
  <ItemGroup>
    <Filter Include="资源文件">
      <UniqueIdentifier>{67DA6AB6-F800-4c08-8B7A-83BB121AAD01}</UniqueIdentifier>
      <Extensions>rc;ico;cur;bmp;dlg;rc2;rct;bin;rgs;gif;jpg;jpeg;jpe;resx;tiff;tif;png;wav;mfcribbon-ms</Extensions>
    </Filter>
    <Filter Include="Core">
      <UniqueIdentifier>{5b180ad9-7552-4d09-b740-db1f9605dc74}</UniqueIdentifier>
    </Filter>
    <Filter Include="Math">
      <UniqueIdentifier>{e10edb77-e183-4fcb-a4b6-a59f0d62c447}</UniqueIdentifier>
    </Filter>
    <Filter Include="File">
      <UniqueIdentifier>{7b82f476-354f-4458-bbcc-952bed994dc8}</UniqueIdentifier>
    </Filter>
    <Filter Include="File\Include">
      <UniqueIdentifier>{e90e0690-e4b1-4810-8cd8-62b8b72fdfbd}</UniqueIdentifier>
    </Filter>
    <Filter Include="Math\Include">
      <UniqueIdentifier>{eeadfd7f-006c-4aee-8183-44f5ea2dcd46}</UniqueIdentifier>
    </Filter>
    <Filter Include="Utils">
      <UniqueIdentifier>{fa6d0dec-c364-41c1-9622-641549cdbbca}</UniqueIdentifier>
    </Filter>
    <Filter Include="Utils\Include">
      <UniqueIdentifier>{ec48825c-b5ac-4b56-a908-0331dec12415}</UniqueIdentifier>
    </Filter>
    <Filter Include="Res">
      <UniqueIdentifier>{ba8fb8d0-ce96-4a0e-b9ed-7dfd0d01158a}</UniqueIdentifier>
    </Filter>
    <Filter Include="Res\EyeBall">
      <UniqueIdentifier>{589a1c64-fd7d-4447-bf70-9136fdd9595f}</UniqueIdentifier>
    </Filter>
    <Filter Include="Third">
      <UniqueIdentifier>{0c19a28e-8f73-4bd5-a884-674d9834fb6e}</UniqueIdentifier>
    </Filter>
    <Filter Include="Third\glfw3.2">
      <UniqueIdentifier>{fe26713b-475b-4fc6-96c1-9b744e085037}</UniqueIdentifier>
    </Filter>
    <Filter Include="Third\glfw3.2\include">
      <UniqueIdentifier>{98688c03-57ef-488b-84c0-e41394c28cae}</UniqueIdentifier>
    </Filter>
    <Filter Include="Third\glfw3.2\include\GLFW">
      <UniqueIdentifier>{751d7c81-af78-4a2d-a8ee-3c78b6f6454f}</UniqueIdentifier>
    </Filter>
    <Filter Include="Third\glfw3.2\lib-vc2015">
      <UniqueIdentifier>{4e4d667d-2fc9-49f2-a121-7ec2081b97d7}</UniqueIdentifier>
    </Filter>
    <Filter Include="Third\glew-2">
      <UniqueIdentifier>{559ee338-8489-4159-b1c6-5c361bd9c0f0}</UniqueIdentifier>
    </Filter>
    <Filter Include="Third\glew-2\include">
      <UniqueIdentifier>{7499ee13-4680-4548-b6a7-20a2b2e0420a}</UniqueIdentifier>
    </Filter>
    <Filter Include="Third\glew-2\include\GL">
      <UniqueIdentifier>{4b7e91f4-2f96-4882-8508-acb027386d5c}</UniqueIdentifier>
    </Filter>
    <Filter Include="Third\glew-2\lib">
      <UniqueIdentifier>{c0fab82b-125a-49c5-9888-1d3123306a6f}</UniqueIdentifier>
    </Filter>
    <Filter Include="Application">
      <UniqueIdentifier>{56182357-65be-4526-b1b9-506418502e1f}</UniqueIdentifier>
    </Filter>
    <Filter Include="Application\Include">
      <UniqueIdentifier>{a3d1aaad-bb21-44a3-a839-6abb49269aaf}</UniqueIdentifier>
    </Filter>
    <Filter Include="Core\GLRender">
      <UniqueIdentifier>{1a841515-4098-4c77-90b6-2782fc12b78e}</UniqueIdentifier>
    </Filter>
    <Filter Include="Core\GLRender\Include">
      <UniqueIdentifier>{a94ca096-080b-4ab4-a2a8-fae624069966}</UniqueIdentifier>
    </Filter>
    <Filter Include="Res\Shaders">
      <UniqueIdentifier>{253ed157-ac05-49f2-9286-82a601a73b83}</UniqueIdentifier>
    </Filter>
    <Filter Include="UniTest">
      <UniqueIdentifier>{4f424da0-816e-4189-93ff-057a2d4f290f}</UniqueIdentifier>
    </Filter>
    <Filter Include="Core\Scene">
      <UniqueIdentifier>{39839477-1757-461a-a181-de4f19d6df06}</UniqueIdentifier>
    </Filter>
    <Filter Include="Core\Scene\Include">
      <UniqueIdentifier>{26037efe-30f0-41a9-b4c7-fbf636d0a579}</UniqueIdentifier>
    </Filter>
    <Filter Include="Camera">
      <UniqueIdentifier>{6e097c68-219d-4546-8eff-478f11424d19}</UniqueIdentifier>
    </Filter>
    <Filter Include="Res\Cube">
      <UniqueIdentifier>{c0a0ba4e-2502-4ec1-98bb-3732749b888b}</UniqueIdentifier>
    </Filter>
    <Filter Include="Doc">
      <UniqueIdentifier>{cab97c51-5985-407d-a080-b5f4ab9ea6ce}</UniqueIdentifier>
    </Filter>
    <Filter Include="Doc\开发计划">
      <UniqueIdentifier>{bdce8b3b-071a-4059-92de-527b5dcc8a41}</UniqueIdentifier>
    </Filter>
    <Filter Include="Camera\Include">
      <UniqueIdentifier>{931b248f-5edc-4d74-b66f-333080cf83ae}</UniqueIdentifier>
    </Filter>
    <Filter Include="Third\glm">
      <UniqueIdentifier>{e7fdd21e-1d8f-4a68-b2db-8d0d539ef79d}</UniqueIdentifier>
    </Filter>
    <Filter Include="Third\glm\detail">
      <UniqueIdentifier>{f825381f-895e-482f-a198-0f69b9978a33}</UniqueIdentifier>
    </Filter>
    <Filter Include="Third\glm\gtc">
      <UniqueIdentifier>{ec9ee0b5-ec44-4688-b4e1-6260c2dede5a}</UniqueIdentifier>
    </Filter>
    <Filter Include="Third\glm\gtx">
      <UniqueIdentifier>{72fa6eb6-d7e3-4eda-a00d-e8731fba11e8}</UniqueIdentifier>
    </Filter>
  </ItemGroup>
  <ItemGroup>
    <ClCompile Include="Main.cpp" />
    <ClCompile Include="File\IOBJFileMgr.cpp">
      <Filter>File</Filter>
    </ClCompile>
    <ClCompile Include="File\Mesh.cpp">
      <Filter>File</Filter>
    </ClCompile>
    <ClCompile Include="Math\Vector.cpp">
      <Filter>Math</Filter>
    </ClCompile>
    <ClCompile Include="Application\Application.cpp">
      <Filter>Application</Filter>
    </ClCompile>
    <ClCompile Include="Core\GLRender\GLShader.cpp">
      <Filter>Core\GLRender</Filter>
    </ClCompile>
    <ClCompile Include="UniTest\ShaderUniTest.cpp">
      <Filter>UniTest</Filter>
    </ClCompile>
    <ClCompile Include="UniTest\IOBJFileMgrUniTest.cpp">
      <Filter>UniTest</Filter>
    </ClCompile>
    <ClCompile Include="Core\GLRender\GLRenderSystem.cpp">
      <Filter>Core\GLRender</Filter>
    </ClCompile>
    <ClCompile Include="Utils\Timer.cpp">
      <Filter>Utils</Filter>
    </ClCompile>
    <ClCompile Include="Core\Scene\Scene.cpp">
      <Filter>Core\Scene</Filter>
    </ClCompile>
    <ClCompile Include="Core\GLRender\GLModel.cpp">
      <Filter>Core\GLRender</Filter>
    </ClCompile>
    <ClCompile Include="Core\GLRender\GLShaderMgr.cpp">
      <Filter>Core\GLRender</Filter>
    </ClCompile>
    <ClCompile Include="Camera\Camera.cpp">
      <Filter>Camera</Filter>
    </ClCompile>
    <ClCompile Include="Third\glm\detail\dummy.cpp">
      <Filter>Third\glm\detail</Filter>
    </ClCompile>
    <ClCompile Include="Third\glm\detail\glm.cpp">
      <Filter>Third\glm\detail</Filter>
    </ClCompile>
  </ItemGroup>
  <ItemGroup>
    <ClInclude Include="File\Include\IFileMgr.h">
      <Filter>File\Include</Filter>
    </ClInclude>
    <ClInclude Include="Math\Include\Vector.h">
      <Filter>Math\Include</Filter>
    </ClInclude>
    <ClInclude Include="Utils\Include\Constant.h">
      <Filter>Utils\Include</Filter>
    </ClInclude>
    <ClInclude Include="File\Include\IOBJFileMgr.h">
      <Filter>File\Include</Filter>
    </ClInclude>
    <ClInclude Include="File\Include\Mesh.h">
      <Filter>File\Include</Filter>
    </ClInclude>
    <ClInclude Include="File\Include\Model.h">
      <Filter>File\Include</Filter>
    </ClInclude>
    <ClInclude Include="Math\Include\Utils.h">
      <Filter>Math\Include</Filter>
    </ClInclude>
    <ClInclude Include="File\Include\Face.h">
      <Filter>File\Include</Filter>
    </ClInclude>
    <ClInclude Include="Utils\Include\Helper.h">
      <Filter>Utils\Include</Filter>
    </ClInclude>
    <ClInclude Include="Third\glfw3.2\include\GLFW\glfw3.h">
      <Filter>Third\glfw3.2\include\GLFW</Filter>
    </ClInclude>
    <ClInclude Include="Third\glfw3.2\include\GLFW\glfw3native.h">
      <Filter>Third\glfw3.2\include\GLFW</Filter>
    </ClInclude>
    <ClInclude Include="Third\glew-2\include\GL\eglew.h">
      <Filter>Third\glew-2\include\GL</Filter>
    </ClInclude>
    <ClInclude Include="Third\glew-2\include\GL\glew.h">
      <Filter>Third\glew-2\include\GL</Filter>
    </ClInclude>
    <ClInclude Include="Third\glew-2\include\GL\glxew.h">
      <Filter>Third\glew-2\include\GL</Filter>
    </ClInclude>
    <ClInclude Include="Third\glew-2\include\GL\wglew.h">
      <Filter>Third\glew-2\include\GL</Filter>
    </ClInclude>
    <ClInclude Include="Application\Include\Application.h">
      <Filter>Application\Include</Filter>
    </ClInclude>
    <ClInclude Include="Core\GLRender\Include\GLShader.h">
      <Filter>Core\GLRender\Include</Filter>
    </ClInclude>
    <ClInclude Include="UniTest\UniTest.h">
      <Filter>UniTest</Filter>
    </ClInclude>
    <ClInclude Include="UniTest\ShaderUniTest.h">
      <Filter>UniTest</Filter>
    </ClInclude>
    <ClInclude Include="UniTest\IOBJFileMgrUniTest.h">
      <Filter>UniTest</Filter>
    </ClInclude>
    <ClInclude Include="Core\GLRender\Include\GLViewPort.h">
      <Filter>Core\GLRender\Include</Filter>
    </ClInclude>
    <ClInclude Include="Core\GLRender\Include\GLRenderSystem.h">
      <Filter>Core\GLRender\Include</Filter>
    </ClInclude>
    <ClInclude Include="Utils\Include\Timer.h">
      <Filter>Utils\Include</Filter>
    </ClInclude>
    <ClInclude Include="Core\GLRender\Include\GLColor.h">
      <Filter>Core\GLRender\Include</Filter>
    </ClInclude>
    <ClInclude Include="Core\Scene\Include\Scene.h">
      <Filter>Core\Scene\Include</Filter>
    </ClInclude>
    <ClInclude Include="Core\GLRender\Include\GLModel.h">
      <Filter>Core\GLRender\Include</Filter>
    </ClInclude>
    <ClInclude Include="Core\GLRender\Include\GLShaderMgr.h">
      <Filter>Core\GLRender\Include</Filter>
    </ClInclude>
    <ClInclude Include="Camera\Include\Camera.h">
      <Filter>Camera\Include</Filter>
    </ClInclude>
    <ClInclude Include="Third\glm\common.hpp">
      <Filter>Third\glm</Filter>
    </ClInclude>
    <ClInclude Include="Third\glm\exponential.hpp">
      <Filter>Third\glm</Filter>
    </ClInclude>
    <ClInclude Include="Third\glm\ext.hpp">
      <Filter>Third\glm</Filter>
    </ClInclude>
    <ClInclude Include="Third\glm\fwd.hpp">
      <Filter>Third\glm</Filter>
    </ClInclude>
    <ClInclude Include="Third\glm\geometric.hpp">
      <Filter>Third\glm</Filter>
    </ClInclude>
    <ClInclude Include="Third\glm\glm.hpp">
      <Filter>Third\glm</Filter>
    </ClInclude>
    <ClInclude Include="Third\glm\integer.hpp">
      <Filter>Third\glm</Filter>
    </ClInclude>
    <ClInclude Include="Third\glm\mat2x2.hpp">
      <Filter>Third\glm</Filter>
    </ClInclude>
    <ClInclude Include="Third\glm\mat2x3.hpp">
      <Filter>Third\glm</Filter>
    </ClInclude>
    <ClInclude Include="Third\glm\mat2x4.hpp">
      <Filter>Third\glm</Filter>
    </ClInclude>
    <ClInclude Include="Third\glm\mat3x2.hpp">
      <Filter>Third\glm</Filter>
    </ClInclude>
    <ClInclude Include="Third\glm\mat3x3.hpp">
      <Filter>Third\glm</Filter>
    </ClInclude>
    <ClInclude Include="Third\glm\mat3x4.hpp">
      <Filter>Third\glm</Filter>
    </ClInclude>
    <ClInclude Include="Third\glm\mat4x2.hpp">
      <Filter>Third\glm</Filter>
    </ClInclude>
    <ClInclude Include="Third\glm\mat4x3.hpp">
      <Filter>Third\glm</Filter>
    </ClInclude>
    <ClInclude Include="Third\glm\mat4x4.hpp">
      <Filter>Third\glm</Filter>
    </ClInclude>
    <ClInclude Include="Third\glm\matrix.hpp">
      <Filter>Third\glm</Filter>
    </ClInclude>
    <ClInclude Include="Third\glm\packing.hpp">
      <Filter>Third\glm</Filter>
    </ClInclude>
    <ClInclude Include="Third\glm\trigonometric.hpp">
      <Filter>Third\glm</Filter>
    </ClInclude>
    <ClInclude Include="Third\glm\vec2.hpp">
      <Filter>Third\glm</Filter>
    </ClInclude>
    <ClInclude Include="Third\glm\vec3.hpp">
      <Filter>Third\glm</Filter>
    </ClInclude>
    <ClInclude Include="Third\glm\vec4.hpp">
      <Filter>Third\glm</Filter>
    </ClInclude>
    <ClInclude Include="Third\glm\vector_relational.hpp">
      <Filter>Third\glm</Filter>
    </ClInclude>
    <ClInclude Include="Third\glm\detail\_features.hpp">
      <Filter>Third\glm\detail</Filter>
    </ClInclude>
    <ClInclude Include="Third\glm\detail\_fixes.hpp">
      <Filter>Third\glm\detail</Filter>
    </ClInclude>
    <ClInclude Include="Third\glm\detail\_noise.hpp">
      <Filter>Third\glm\detail</Filter>
    </ClInclude>
    <ClInclude Include="Third\glm\detail\_swizzle.hpp">
      <Filter>Third\glm\detail</Filter>
    </ClInclude>
    <ClInclude Include="Third\glm\detail\_swizzle_func.hpp">
      <Filter>Third\glm\detail</Filter>
    </ClInclude>
    <ClInclude Include="Third\glm\detail\_vectorize.hpp">
      <Filter>Third\glm\detail</Filter>
    </ClInclude>
    <ClInclude Include="Third\glm\detail\func_common.hpp">
      <Filter>Third\glm\detail</Filter>
    </ClInclude>
    <ClInclude Include="Third\glm\detail\func_exponential.hpp">
      <Filter>Third\glm\detail</Filter>
    </ClInclude>
    <ClInclude Include="Third\glm\detail\func_geometric.hpp">
      <Filter>Third\glm\detail</Filter>
    </ClInclude>
    <ClInclude Include="Third\glm\detail\func_integer.hpp">
      <Filter>Third\glm\detail</Filter>
    </ClInclude>
    <ClInclude Include="Third\glm\detail\func_matrix.hpp">
      <Filter>Third\glm\detail</Filter>
    </ClInclude>
    <ClInclude Include="Third\glm\detail\func_noise.hpp">
      <Filter>Third\glm\detail</Filter>
    </ClInclude>
    <ClInclude Include="Third\glm\detail\func_packing.hpp">
      <Filter>Third\glm\detail</Filter>
    </ClInclude>
    <ClInclude Include="Third\glm\detail\func_trigonometric.hpp">
      <Filter>Third\glm\detail</Filter>
    </ClInclude>
    <ClInclude Include="Third\glm\detail\func_vector_relational.hpp">
      <Filter>Third\glm\detail</Filter>
    </ClInclude>
    <ClInclude Include="Third\glm\detail\intrinsic_common.hpp">
      <Filter>Third\glm\detail</Filter>
    </ClInclude>
    <ClInclude Include="Third\glm\detail\intrinsic_exponential.hpp">
      <Filter>Third\glm\detail</Filter>
    </ClInclude>
    <ClInclude Include="Third\glm\detail\intrinsic_geometric.hpp">
      <Filter>Third\glm\detail</Filter>
    </ClInclude>
    <ClInclude Include="Third\glm\detail\intrinsic_integer.hpp">
      <Filter>Third\glm\detail</Filter>
    </ClInclude>
    <ClInclude Include="Third\glm\detail\intrinsic_matrix.hpp">
      <Filter>Third\glm\detail</Filter>
    </ClInclude>
    <ClInclude Include="Third\glm\detail\intrinsic_trigonometric.hpp">
      <Filter>Third\glm\detail</Filter>
    </ClInclude>
    <ClInclude Include="Third\glm\detail\intrinsic_vector_relational.hpp">
      <Filter>Third\glm\detail</Filter>
    </ClInclude>
    <ClInclude Include="Third\glm\detail\precision.hpp">
      <Filter>Third\glm\detail</Filter>
    </ClInclude>
    <ClInclude Include="Third\glm\detail\setup.hpp">
      <Filter>Third\glm\detail</Filter>
    </ClInclude>
    <ClInclude Include="Third\glm\detail\type_float.hpp">
      <Filter>Third\glm\detail</Filter>
    </ClInclude>
    <ClInclude Include="Third\glm\detail\type_gentype.hpp">
      <Filter>Third\glm\detail</Filter>
    </ClInclude>
    <ClInclude Include="Third\glm\detail\type_half.hpp">
      <Filter>Third\glm\detail</Filter>
    </ClInclude>
    <ClInclude Include="Third\glm\detail\type_int.hpp">
      <Filter>Third\glm\detail</Filter>
    </ClInclude>
    <ClInclude Include="Third\glm\detail\type_mat.hpp">
      <Filter>Third\glm\detail</Filter>
    </ClInclude>
    <ClInclude Include="Third\glm\detail\type_mat2x2.hpp">
      <Filter>Third\glm\detail</Filter>
    </ClInclude>
    <ClInclude Include="Third\glm\detail\type_mat2x3.hpp">
      <Filter>Third\glm\detail</Filter>
    </ClInclude>
    <ClInclude Include="Third\glm\detail\type_mat2x4.hpp">
      <Filter>Third\glm\detail</Filter>
    </ClInclude>
    <ClInclude Include="Third\glm\detail\type_mat3x2.hpp">
      <Filter>Third\glm\detail</Filter>
    </ClInclude>
    <ClInclude Include="Third\glm\detail\type_mat3x3.hpp">
      <Filter>Third\glm\detail</Filter>
    </ClInclude>
    <ClInclude Include="Third\glm\detail\type_mat3x4.hpp">
      <Filter>Third\glm\detail</Filter>
    </ClInclude>
    <ClInclude Include="Third\glm\detail\type_mat4x2.hpp">
      <Filter>Third\glm\detail</Filter>
    </ClInclude>
    <ClInclude Include="Third\glm\detail\type_mat4x3.hpp">
      <Filter>Third\glm\detail</Filter>
    </ClInclude>
    <ClInclude Include="Third\glm\detail\type_mat4x4.hpp">
      <Filter>Third\glm\detail</Filter>
    </ClInclude>
    <ClInclude Include="Third\glm\detail\type_vec.hpp">
      <Filter>Third\glm\detail</Filter>
    </ClInclude>
    <ClInclude Include="Third\glm\detail\type_vec1.hpp">
      <Filter>Third\glm\detail</Filter>
    </ClInclude>
    <ClInclude Include="Third\glm\detail\type_vec2.hpp">
      <Filter>Third\glm\detail</Filter>
    </ClInclude>
    <ClInclude Include="Third\glm\detail\type_vec3.hpp">
      <Filter>Third\glm\detail</Filter>
    </ClInclude>
    <ClInclude Include="Third\glm\detail\type_vec4.hpp">
      <Filter>Third\glm\detail</Filter>
    </ClInclude>
    <ClInclude Include="Third\glm\gtc\bitfield.hpp">
      <Filter>Third\glm\gtc</Filter>
    </ClInclude>
    <ClInclude Include="Third\glm\gtc\constants.hpp">
      <Filter>Third\glm\gtc</Filter>
    </ClInclude>
    <ClInclude Include="Third\glm\gtc\epsilon.hpp">
      <Filter>Third\glm\gtc</Filter>
    </ClInclude>
    <ClInclude Include="Third\glm\gtc\integer.hpp">
      <Filter>Third\glm\gtc</Filter>
    </ClInclude>
    <ClInclude Include="Third\glm\gtc\matrix_access.hpp">
      <Filter>Third\glm\gtc</Filter>
    </ClInclude>
    <ClInclude Include="Third\glm\gtc\matrix_integer.hpp">
      <Filter>Third\glm\gtc</Filter>
    </ClInclude>
    <ClInclude Include="Third\glm\gtc\matrix_inverse.hpp">
      <Filter>Third\glm\gtc</Filter>
    </ClInclude>
    <ClInclude Include="Third\glm\gtc\matrix_transform.hpp">
      <Filter>Third\glm\gtc</Filter>
    </ClInclude>
    <ClInclude Include="Third\glm\gtc\noise.hpp">
      <Filter>Third\glm\gtc</Filter>
    </ClInclude>
    <ClInclude Include="Third\glm\gtc\packing.hpp">
      <Filter>Third\glm\gtc</Filter>
    </ClInclude>
    <ClInclude Include="Third\glm\gtc\quaternion.hpp">
      <Filter>Third\glm\gtc</Filter>
    </ClInclude>
    <ClInclude Include="Third\glm\gtc\random.hpp">
      <Filter>Third\glm\gtc</Filter>
    </ClInclude>
    <ClInclude Include="Third\glm\gtc\reciprocal.hpp">
      <Filter>Third\glm\gtc</Filter>
    </ClInclude>
    <ClInclude Include="Third\glm\gtc\round.hpp">
      <Filter>Third\glm\gtc</Filter>
    </ClInclude>
    <ClInclude Include="Third\glm\gtc\type_precision.hpp">
      <Filter>Third\glm\gtc</Filter>
    </ClInclude>
    <ClInclude Include="Third\glm\gtc\type_ptr.hpp">
      <Filter>Third\glm\gtc</Filter>
    </ClInclude>
    <ClInclude Include="Third\glm\gtc\ulp.hpp">
      <Filter>Third\glm\gtc</Filter>
    </ClInclude>
    <ClInclude Include="Third\glm\gtc\vec1.hpp">
      <Filter>Third\glm\gtc</Filter>
    </ClInclude>
    <ClInclude Include="Third\glm\gtx\associated_min_max.hpp">
      <Filter>Third\glm\gtx</Filter>
    </ClInclude>
    <ClInclude Include="Third\glm\gtx\bit.hpp">
      <Filter>Third\glm\gtx</Filter>
    </ClInclude>
    <ClInclude Include="Third\glm\gtx\closest_point.hpp">
      <Filter>Third\glm\gtx</Filter>
    </ClInclude>
    <ClInclude Include="Third\glm\gtx\color_space.hpp">
      <Filter>Third\glm\gtx</Filter>
    </ClInclude>
    <ClInclude Include="Third\glm\gtx\color_space_YCoCg.hpp">
      <Filter>Third\glm\gtx</Filter>
    </ClInclude>
    <ClInclude Include="Third\glm\gtx\common.hpp">
      <Filter>Third\glm\gtx</Filter>
    </ClInclude>
    <ClInclude Include="Third\glm\gtx\compatibility.hpp">
      <Filter>Third\glm\gtx</Filter>
    </ClInclude>
    <ClInclude Include="Third\glm\gtx\component_wise.hpp">
      <Filter>Third\glm\gtx</Filter>
    </ClInclude>
    <ClInclude Include="Third\glm\gtx\dual_quaternion.hpp">
      <Filter>Third\glm\gtx</Filter>
    </ClInclude>
    <ClInclude Include="Third\glm\gtx\euler_angles.hpp">
      <Filter>Third\glm\gtx</Filter>
    </ClInclude>
    <ClInclude Include="Third\glm\gtx\extend.hpp">
      <Filter>Third\glm\gtx</Filter>
    </ClInclude>
    <ClInclude Include="Third\glm\gtx\extented_min_max.hpp">
      <Filter>Third\glm\gtx</Filter>
    </ClInclude>
    <ClInclude Include="Third\glm\gtx\fast_exponential.hpp">
      <Filter>Third\glm\gtx</Filter>
    </ClInclude>
    <ClInclude Include="Third\glm\gtx\fast_square_root.hpp">
      <Filter>Third\glm\gtx</Filter>
    </ClInclude>
    <ClInclude Include="Third\glm\gtx\fast_trigonometry.hpp">
      <Filter>Third\glm\gtx</Filter>
    </ClInclude>
    <ClInclude Include="Third\glm\gtx\gradient_paint.hpp">
      <Filter>Third\glm\gtx</Filter>
    </ClInclude>
    <ClInclude Include="Third\glm\gtx\handed_coordinate_space.hpp">
      <Filter>Third\glm\gtx</Filter>
    </ClInclude>
    <ClInclude Include="Third\glm\gtx\integer.hpp">
      <Filter>Third\glm\gtx</Filter>
    </ClInclude>
    <ClInclude Include="Third\glm\gtx\intersect.hpp">
      <Filter>Third\glm\gtx</Filter>
    </ClInclude>
    <ClInclude Include="Third\glm\gtx\io.hpp">
      <Filter>Third\glm\gtx</Filter>
    </ClInclude>
    <ClInclude Include="Third\glm\gtx\log_base.hpp">
      <Filter>Third\glm\gtx</Filter>
    </ClInclude>
    <ClInclude Include="Third\glm\gtx\matrix_cross_product.hpp">
      <Filter>Third\glm\gtx</Filter>
    </ClInclude>
    <ClInclude Include="Third\glm\gtx\matrix_decompose.hpp">
      <Filter>Third\glm\gtx</Filter>
    </ClInclude>
    <ClInclude Include="Third\glm\gtx\matrix_interpolation.hpp">
      <Filter>Third\glm\gtx</Filter>
    </ClInclude>
    <ClInclude Include="Third\glm\gtx\matrix_major_storage.hpp">
      <Filter>Third\glm\gtx</Filter>
    </ClInclude>
    <ClInclude Include="Third\glm\gtx\matrix_operation.hpp">
      <Filter>Third\glm\gtx</Filter>
    </ClInclude>
    <ClInclude Include="Third\glm\gtx\matrix_query.hpp">
      <Filter>Third\glm\gtx</Filter>
    </ClInclude>
    <ClInclude Include="Third\glm\gtx\matrix_transform_2d.hpp">
      <Filter>Third\glm\gtx</Filter>
    </ClInclude>
    <ClInclude Include="Third\glm\gtx\mixed_product.hpp">
      <Filter>Third\glm\gtx</Filter>
    </ClInclude>
    <ClInclude Include="Third\glm\gtx\multiple.hpp">
      <Filter>Third\glm\gtx</Filter>
    </ClInclude>
    <ClInclude Include="Third\glm\gtx\norm.hpp">
      <Filter>Third\glm\gtx</Filter>
    </ClInclude>
    <ClInclude Include="Third\glm\gtx\normal.hpp">
      <Filter>Third\glm\gtx</Filter>
    </ClInclude>
    <ClInclude Include="Third\glm\gtx\normalize_dot.hpp">
      <Filter>Third\glm\gtx</Filter>
    </ClInclude>
    <ClInclude Include="Third\glm\gtx\number_precision.hpp">
      <Filter>Third\glm\gtx</Filter>
    </ClInclude>
    <ClInclude Include="Third\glm\gtx\optimum_pow.hpp">
      <Filter>Third\glm\gtx</Filter>
    </ClInclude>
    <ClInclude Include="Third\glm\gtx\orthonormalize.hpp">
      <Filter>Third\glm\gtx</Filter>
    </ClInclude>
    <ClInclude Include="Third\glm\gtx\perpendicular.hpp">
      <Filter>Third\glm\gtx</Filter>
    </ClInclude>
    <ClInclude Include="Third\glm\gtx\polar_coordinates.hpp">
      <Filter>Third\glm\gtx</Filter>
    </ClInclude>
    <ClInclude Include="Third\glm\gtx\projection.hpp">
      <Filter>Third\glm\gtx</Filter>
    </ClInclude>
    <ClInclude Include="Third\glm\gtx\quaternion.hpp">
      <Filter>Third\glm\gtx</Filter>
    </ClInclude>
    <ClInclude Include="Third\glm\gtx\range.hpp">
      <Filter>Third\glm\gtx</Filter>
    </ClInclude>
    <ClInclude Include="Third\glm\gtx\raw_data.hpp">
      <Filter>Third\glm\gtx</Filter>
    </ClInclude>
    <ClInclude Include="Third\glm\gtx\rotate_normalized_axis.hpp">
      <Filter>Third\glm\gtx</Filter>
    </ClInclude>
    <ClInclude Include="Third\glm\gtx\rotate_vector.hpp">
      <Filter>Third\glm\gtx</Filter>
    </ClInclude>
    <ClInclude Include="Third\glm\gtx\scalar_multiplication.hpp">
      <Filter>Third\glm\gtx</Filter>
    </ClInclude>
    <ClInclude Include="Third\glm\gtx\scalar_relational.hpp">
      <Filter>Third\glm\gtx</Filter>
    </ClInclude>
    <ClInclude Include="Third\glm\gtx\simd_mat4.hpp">
      <Filter>Third\glm\gtx</Filter>
    </ClInclude>
    <ClInclude Include="Third\glm\gtx\simd_quat.hpp">
      <Filter>Third\glm\gtx</Filter>
    </ClInclude>
    <ClInclude Include="Third\glm\gtx\simd_vec4.hpp">
      <Filter>Third\glm\gtx</Filter>
    </ClInclude>
    <ClInclude Include="Third\glm\gtx\spline.hpp">
      <Filter>Third\glm\gtx</Filter>
    </ClInclude>
    <ClInclude Include="Third\glm\gtx\std_based_type.hpp">
      <Filter>Third\glm\gtx</Filter>
    </ClInclude>
    <ClInclude Include="Third\glm\gtx\string_cast.hpp">
      <Filter>Third\glm\gtx</Filter>
    </ClInclude>
    <ClInclude Include="Third\glm\gtx\transform.hpp">
      <Filter>Third\glm\gtx</Filter>
    </ClInclude>
    <ClInclude Include="Third\glm\gtx\transform2.hpp">
      <Filter>Third\glm\gtx</Filter>
    </ClInclude>
    <ClInclude Include="Third\glm\gtx\type_aligned.hpp">
      <Filter>Third\glm\gtx</Filter>
    </ClInclude>
    <ClInclude Include="Third\glm\gtx\vector_angle.hpp">
      <Filter>Third\glm\gtx</Filter>
    </ClInclude>
    <ClInclude Include="Third\glm\gtx\vector_query.hpp">
      <Filter>Third\glm\gtx</Filter>
    </ClInclude>
    <ClInclude Include="Third\glm\gtx\wrap.hpp">
      <Filter>Third\glm\gtx</Filter>
    </ClInclude>
    <ClInclude Include="Third\glm\glm_include.h">
      <Filter>Third\glm</Filter>
    </ClInclude>
  </ItemGroup>
  <ItemGroup>
    <None Include="Res\EyeBall\eyeball.mtl">
      <Filter>Res\EyeBall</Filter>
    </None>
    <None Include="Third\glfw3.2\lib-vc2015\glfw3.dll">
      <Filter>Third\glfw3.2\lib-vc2015</Filter>
    </None>
    <None Include="Res\Shaders\test.fs">
      <Filter>Res\Shaders</Filter>
    </None>
    <None Include="Res\Shaders\test.vs">
      <Filter>Res\Shaders</Filter>
    </None>
    <None Include="Res\Shaders\eyeball.fs">
      <Filter>Res\Shaders</Filter>
    </None>
    <None Include="Res\Shaders\eyeball.vs">
      <Filter>Res\Shaders</Filter>
    </None>
    <None Include="Res\Shaders\ShaderConfig">
      <Filter>Res\Shaders</Filter>
    </None>
    <None Include="Third\glm\detail\func_common.inl">
      <Filter>Third\glm\detail</Filter>
    </None>
    <None Include="Third\glm\detail\func_exponential.inl">
      <Filter>Third\glm\detail</Filter>
    </None>
    <None Include="Third\glm\detail\func_geometric.inl">
      <Filter>Third\glm\detail</Filter>
    </None>
    <None Include="Third\glm\detail\func_integer.inl">
      <Filter>Third\glm\detail</Filter>
    </None>
    <None Include="Third\glm\detail\func_matrix.inl">
      <Filter>Third\glm\detail</Filter>
    </None>
    <None Include="Third\glm\detail\func_noise.inl">
      <Filter>Third\glm\detail</Filter>
    </None>
    <None Include="Third\glm\detail\func_packing.inl">
      <Filter>Third\glm\detail</Filter>
    </None>
    <None Include="Third\glm\detail\func_trigonometric.inl">
      <Filter>Third\glm\detail</Filter>
    </None>
    <None Include="Third\glm\detail\func_vector_relational.inl">
      <Filter>Third\glm\detail</Filter>
    </None>
    <None Include="Third\glm\detail\intrinsic_common.inl">
      <Filter>Third\glm\detail</Filter>
    </None>
    <None Include="Third\glm\detail\intrinsic_exponential.inl">
      <Filter>Third\glm\detail</Filter>
    </None>
    <None Include="Third\glm\detail\intrinsic_geometric.inl">
      <Filter>Third\glm\detail</Filter>
    </None>
    <None Include="Third\glm\detail\intrinsic_integer.inl">
      <Filter>Third\glm\detail</Filter>
    </None>
    <None Include="Third\glm\detail\intrinsic_matrix.inl">
      <Filter>Third\glm\detail</Filter>
    </None>
    <None Include="Third\glm\detail\intrinsic_trigonometric.inl">
      <Filter>Third\glm\detail</Filter>
    </None>
    <None Include="Third\glm\detail\intrinsic_vector_relational.inl">
      <Filter>Third\glm\detail</Filter>
    </None>
    <None Include="Third\glm\detail\type_gentype.inl">
      <Filter>Third\glm\detail</Filter>
    </None>
    <None Include="Third\glm\detail\type_half.inl">
      <Filter>Third\glm\detail</Filter>
    </None>
    <None Include="Third\glm\detail\type_mat.inl">
      <Filter>Third\glm\detail</Filter>
    </None>
    <None Include="Third\glm\detail\type_mat2x2.inl">
      <Filter>Third\glm\detail</Filter>
    </None>
    <None Include="Third\glm\detail\type_mat2x3.inl">
      <Filter>Third\glm\detail</Filter>
    </None>
    <None Include="Third\glm\detail\type_mat2x4.inl">
      <Filter>Third\glm\detail</Filter>
    </None>
    <None Include="Third\glm\detail\type_mat3x2.inl">
      <Filter>Third\glm\detail</Filter>
    </None>
    <None Include="Third\glm\detail\type_mat3x3.inl">
      <Filter>Third\glm\detail</Filter>
    </None>
    <None Include="Third\glm\detail\type_mat3x4.inl">
      <Filter>Third\glm\detail</Filter>
    </None>
    <None Include="Third\glm\detail\type_mat4x2.inl">
      <Filter>Third\glm\detail</Filter>
    </None>
    <None Include="Third\glm\detail\type_mat4x3.inl">
      <Filter>Third\glm\detail</Filter>
    </None>
    <None Include="Third\glm\detail\type_mat4x4.inl">
      <Filter>Third\glm\detail</Filter>
    </None>
    <None Include="Third\glm\detail\type_vec.inl">
      <Filter>Third\glm\detail</Filter>
    </None>
    <None Include="Third\glm\detail\type_vec1.inl">
      <Filter>Third\glm\detail</Filter>
    </None>
    <None Include="Third\glm\detail\type_vec2.inl">
      <Filter>Third\glm\detail</Filter>
    </None>
    <None Include="Third\glm\detail\type_vec3.inl">
      <Filter>Third\glm\detail</Filter>
    </None>
    <None Include="Third\glm\detail\type_vec4.inl">
      <Filter>Third\glm\detail</Filter>
    </None>
    <None Include="Third\glm\detail\type_vec4_avx.inl">
      <Filter>Third\glm\detail</Filter>
    </None>
    <None Include="Third\glm\detail\type_vec4_avx2.inl">
      <Filter>Third\glm\detail</Filter>
    </None>
    <None Include="Third\glm\detail\type_vec4_sse2.inl">
      <Filter>Third\glm\detail</Filter>
    </None>
    <None Include="Third\glm\gtc\bitfield.inl">
      <Filter>Third\glm\gtc</Filter>
    </None>
    <None Include="Third\glm\gtc\constants.inl">
      <Filter>Third\glm\gtc</Filter>
    </None>
    <None Include="Third\glm\gtc\epsilon.inl">
      <Filter>Third\glm\gtc</Filter>
    </None>
    <None Include="Third\glm\gtc\integer.inl">
      <Filter>Third\glm\gtc</Filter>
    </None>
    <None Include="Third\glm\gtc\matrix_access.inl">
      <Filter>Third\glm\gtc</Filter>
    </None>
    <None Include="Third\glm\gtc\matrix_inverse.inl">
      <Filter>Third\glm\gtc</Filter>
    </None>
    <None Include="Third\glm\gtc\matrix_transform.inl">
      <Filter>Third\glm\gtc</Filter>
    </None>
    <None Include="Third\glm\gtc\noise.inl">
      <Filter>Third\glm\gtc</Filter>
    </None>
    <None Include="Third\glm\gtc\packing.inl">
      <Filter>Third\glm\gtc</Filter>
    </None>
    <None Include="Third\glm\gtc\quaternion.inl">
      <Filter>Third\glm\gtc</Filter>
    </None>
    <None Include="Third\glm\gtc\random.inl">
      <Filter>Third\glm\gtc</Filter>
    </None>
    <None Include="Third\glm\gtc\reciprocal.inl">
      <Filter>Third\glm\gtc</Filter>
    </None>
    <None Include="Third\glm\gtc\round.inl">
      <Filter>Third\glm\gtc</Filter>
    </None>
    <None Include="Third\glm\gtc\type_precision.inl">
      <Filter>Third\glm\gtc</Filter>
    </None>
    <None Include="Third\glm\gtc\type_ptr.inl">
      <Filter>Third\glm\gtc</Filter>
    </None>
    <None Include="Third\glm\gtc\ulp.inl">
      <Filter>Third\glm\gtc</Filter>
    </None>
    <None Include="Third\glm\gtc\vec1.inl">
      <Filter>Third\glm\gtc</Filter>
    </None>
    <None Include="Third\glm\gtx\associated_min_max.inl">
      <Filter>Third\glm\gtx</Filter>
    </None>
    <None Include="Third\glm\gtx\bit.inl">
      <Filter>Third\glm\gtx</Filter>
    </None>
    <None Include="Third\glm\gtx\closest_point.inl">
      <Filter>Third\glm\gtx</Filter>
    </None>
    <None Include="Third\glm\gtx\color_space.inl">
      <Filter>Third\glm\gtx</Filter>
    </None>
    <None Include="Third\glm\gtx\color_space_YCoCg.inl">
      <Filter>Third\glm\gtx</Filter>
    </None>
    <None Include="Third\glm\gtx\common.inl">
      <Filter>Third\glm\gtx</Filter>
    </None>
    <None Include="Third\glm\gtx\compatibility.inl">
      <Filter>Third\glm\gtx</Filter>
    </None>
    <None Include="Third\glm\gtx\component_wise.inl">
      <Filter>Third\glm\gtx</Filter>
    </None>
    <None Include="Third\glm\gtx\dual_quaternion.inl">
      <Filter>Third\glm\gtx</Filter>
    </None>
    <None Include="Third\glm\gtx\euler_angles.inl">
      <Filter>Third\glm\gtx</Filter>
    </None>
    <None Include="Third\glm\gtx\extend.inl">
      <Filter>Third\glm\gtx</Filter>
    </None>
    <None Include="Third\glm\gtx\extented_min_max.inl">
      <Filter>Third\glm\gtx</Filter>
    </None>
    <None Include="Third\glm\gtx\fast_exponential.inl">
      <Filter>Third\glm\gtx</Filter>
    </None>
    <None Include="Third\glm\gtx\fast_square_root.inl">
      <Filter>Third\glm\gtx</Filter>
    </None>
    <None Include="Third\glm\gtx\fast_trigonometry.inl">
      <Filter>Third\glm\gtx</Filter>
    </None>
    <None Include="Third\glm\gtx\gradient_paint.inl">
      <Filter>Third\glm\gtx</Filter>
    </None>
    <None Include="Third\glm\gtx\handed_coordinate_space.inl">
      <Filter>Third\glm\gtx</Filter>
    </None>
    <None Include="Third\glm\gtx\integer.inl">
      <Filter>Third\glm\gtx</Filter>
    </None>
    <None Include="Third\glm\gtx\intersect.inl">
      <Filter>Third\glm\gtx</Filter>
    </None>
    <None Include="Third\glm\gtx\io.inl">
      <Filter>Third\glm\gtx</Filter>
    </None>
    <None Include="Third\glm\gtx\log_base.inl">
      <Filter>Third\glm\gtx</Filter>
    </None>
    <None Include="Third\glm\gtx\matrix_cross_product.inl">
      <Filter>Third\glm\gtx</Filter>
    </None>
    <None Include="Third\glm\gtx\matrix_decompose.inl">
      <Filter>Third\glm\gtx</Filter>
    </None>
    <None Include="Third\glm\gtx\matrix_interpolation.inl">
      <Filter>Third\glm\gtx</Filter>
    </None>
    <None Include="Third\glm\gtx\matrix_major_storage.inl">
      <Filter>Third\glm\gtx</Filter>
    </None>
    <None Include="Third\glm\gtx\matrix_operation.inl">
      <Filter>Third\glm\gtx</Filter>
    </None>
    <None Include="Third\glm\gtx\matrix_query.inl">
      <Filter>Third\glm\gtx</Filter>
    </None>
    <None Include="Third\glm\gtx\matrix_transform_2d.inl">
      <Filter>Third\glm\gtx</Filter>
    </None>
    <None Include="Third\glm\gtx\mixed_product.inl">
      <Filter>Third\glm\gtx</Filter>
    </None>
    <None Include="Third\glm\gtx\multiple.inl">
      <Filter>Third\glm\gtx</Filter>
    </None>
    <None Include="Third\glm\gtx\norm.inl">
      <Filter>Third\glm\gtx</Filter>
    </None>
    <None Include="Third\glm\gtx\normal.inl">
      <Filter>Third\glm\gtx</Filter>
    </None>
    <None Include="Third\glm\gtx\normalize_dot.inl">
      <Filter>Third\glm\gtx</Filter>
    </None>
    <None Include="Third\glm\gtx\number_precision.inl">
      <Filter>Third\glm\gtx</Filter>
    </None>
    <None Include="Third\glm\gtx\optimum_pow.inl">
      <Filter>Third\glm\gtx</Filter>
    </None>
    <None Include="Third\glm\gtx\orthonormalize.inl">
      <Filter>Third\glm\gtx</Filter>
    </None>
    <None Include="Third\glm\gtx\perpendicular.inl">
      <Filter>Third\glm\gtx</Filter>
    </None>
    <None Include="Third\glm\gtx\polar_coordinates.inl">
      <Filter>Third\glm\gtx</Filter>
    </None>
    <None Include="Third\glm\gtx\projection.inl">
      <Filter>Third\glm\gtx</Filter>
    </None>
    <None Include="Third\glm\gtx\quaternion.inl">
      <Filter>Third\glm\gtx</Filter>
    </None>
    <None Include="Third\glm\gtx\raw_data.inl">
      <Filter>Third\glm\gtx</Filter>
    </None>
    <None Include="Third\glm\gtx\rotate_normalized_axis.inl">
      <Filter>Third\glm\gtx</Filter>
    </None>
    <None Include="Third\glm\gtx\rotate_vector.inl">
      <Filter>Third\glm\gtx</Filter>
    </None>
    <None Include="Third\glm\gtx\scalar_relational.inl">
      <Filter>Third\glm\gtx</Filter>
    </None>
    <None Include="Third\glm\gtx\simd_mat4.inl">
      <Filter>Third\glm\gtx</Filter>
    </None>
    <None Include="Third\glm\gtx\simd_quat.inl">
      <Filter>Third\glm\gtx</Filter>
    </None>
    <None Include="Third\glm\gtx\simd_vec4.inl">
      <Filter>Third\glm\gtx</Filter>
    </None>
    <None Include="Third\glm\gtx\spline.inl">
      <Filter>Third\glm\gtx</Filter>
    </None>
    <None Include="Third\glm\gtx\std_based_type.inl">
      <Filter>Third\glm\gtx</Filter>
    </None>
    <None Include="Third\glm\gtx\string_cast.inl">
      <Filter>Third\glm\gtx</Filter>
    </None>
    <None Include="Third\glm\gtx\transform.inl">
      <Filter>Third\glm\gtx</Filter>
    </None>
    <None Include="Third\glm\gtx\transform2.inl">
      <Filter>Third\glm\gtx</Filter>
    </None>
    <None Include="Third\glm\gtx\type_aligned.inl">
      <Filter>Third\glm\gtx</Filter>
    </None>
    <None Include="Third\glm\gtx\vector_angle.inl">
      <Filter>Third\glm\gtx</Filter>
    </None>
    <None Include="Third\glm\gtx\vector_query.inl">
      <Filter>Third\glm\gtx</Filter>
    </None>
    <None Include="Third\glm\gtx\wrap.inl">
      <Filter>Third\glm\gtx</Filter>
    </None>
  </ItemGroup>
  <ItemGroup>
    <Library Include="Third\glfw3.2\lib-vc2015\glfw3.lib">
      <Filter>Third\glfw3.2\lib-vc2015</Filter>
    </Library>
    <Library Include="Third\glfw3.2\lib-vc2015\glfw3dll.lib">
      <Filter>Third\glfw3.2\lib-vc2015</Filter>
    </Library>
    <Library Include="Third\glew-2\lib\Release\Win32\glew32.lib">
      <Filter>Third\glew-2\lib</Filter>
    </Library>
    <Library Include="Third\glew-2\lib\Release\Win32\glew32s.lib">
      <Filter>Third\glew-2\lib</Filter>
    </Library>
  </ItemGroup>
  <ItemGroup>
    <Text Include="Doc\开发计划\开发计划.txt">
      <Filter>Doc\开发计划</Filter>
    </Text>
  </ItemGroup>
</Project>